// !$*UTF8*$!
{
	archiveVersion = 1;
	classes = {
	};
	objectVersion = 46;
	objects = {

/* Begin PBXBuildFile section */
		DF616ED818C262640071312A /* Foundation.framework in Frameworks */ = {isa = PBXBuildFile; fileRef = DF616ED718C262640071312A /* Foundation.framework */; };
		DF616EDA18C262640071312A /* CoreGraphics.framework in Frameworks */ = {isa = PBXBuildFile; fileRef = DF616ED918C262640071312A /* CoreGraphics.framework */; };
		DF616EDC18C262640071312A /* UIKit.framework in Frameworks */ = {isa = PBXBuildFile; fileRef = DF616EDB18C262640071312A /* UIKit.framework */; };
		DF616EE218C262640071312A /* InfoPlist.strings in Resources */ = {isa = PBXBuildFile; fileRef = DF616EE018C262640071312A /* InfoPlist.strings */; };
		DF616EE418C262640071312A /* main.m in Sources */ = {isa = PBXBuildFile; fileRef = DF616EE318C262640071312A /* main.m */; };
		DF616EE818C262640071312A /* HBAppDelegate.m in Sources */ = {isa = PBXBuildFile; fileRef = DF616EE718C262640071312A /* HBAppDelegate.m */; };
		DF616EEB18C262640071312A /* Main_iPhone.storyboard in Resources */ = {isa = PBXBuildFile; fileRef = DF616EE918C262640071312A /* Main_iPhone.storyboard */; };
		DF616EEE18C262640071312A /* Main_iPad.storyboard in Resources */ = {isa = PBXBuildFile; fileRef = DF616EEC18C262640071312A /* Main_iPad.storyboard */; };
		DF616EF118C262640071312A /* HBViewController.m in Sources */ = {isa = PBXBuildFile; fileRef = DF616EF018C262640071312A /* HBViewController.m */; };
		DF616EF318C262640071312A /* Images.xcassets in Resources */ = {isa = PBXBuildFile; fileRef = DF616EF218C262640071312A /* Images.xcassets */; };
		DF616EFA18C262640071312A /* XCTest.framework in Frameworks */ = {isa = PBXBuildFile; fileRef = DF616EF918C262640071312A /* XCTest.framework */; };
		DF616EFB18C262640071312A /* Foundation.framework in Frameworks */ = {isa = PBXBuildFile; fileRef = DF616ED718C262640071312A /* Foundation.framework */; };
		DF616EFC18C262640071312A /* UIKit.framework in Frameworks */ = {isa = PBXBuildFile; fileRef = DF616EDB18C262640071312A /* UIKit.framework */; };
		DF616F0418C262640071312A /* InfoPlist.strings in Resources */ = {isa = PBXBuildFile; fileRef = DF616F0218C262640071312A /* InfoPlist.strings */; };
		DF616F0618C262640071312A /* Happy_Birthday_Dear_StrangerTests.m in Sources */ = {isa = PBXBuildFile; fileRef = DF616F0518C262640071312A /* Happy_Birthday_Dear_StrangerTests.m */; };
/* End PBXBuildFile section */

/* Begin PBXContainerItemProxy section */
		DF616EFD18C262640071312A /* PBXContainerItemProxy */ = {
			isa = PBXContainerItemProxy;
			containerPortal = DF616ECC18C262640071312A /* Project object */;
			proxyType = 1;
			remoteGlobalIDString = DF616ED318C262640071312A;
			remoteInfo = "Happy Birthday Dear Stranger";
		};
/* End PBXContainerItemProxy section */

/* Begin PBXFileReference section */
		DF616ED418C262640071312A /* Happy Birthday Dear Stranger.app */ = {isa = PBXFileReference; explicitFileType = wrapper.application; includeInIndex = 0; path = "Happy Birthday Dear Stranger.app"; sourceTree = BUILT_PRODUCTS_DIR; };
		DF616ED718C262640071312A /* Foundation.framework */ = {isa = PBXFileReference; lastKnownFileType = wrapper.framework; name = Foundation.framework; path = System/Library/Frameworks/Foundation.framework; sourceTree = SDKROOT; };
		DF616ED918C262640071312A /* CoreGraphics.framework */ = {isa = PBXFileReference; lastKnownFileType = wrapper.framework; name = CoreGraphics.framework; path = System/Library/Frameworks/CoreGraphics.framework; sourceTree = SDKROOT; };
		DF616EDB18C262640071312A /* UIKit.framework */ = {isa = PBXFileReference; lastKnownFileType = wrapper.framework; name = UIKit.framework; path = System/Library/Frameworks/UIKit.framework; sourceTree = SDKROOT; };
		DF616EDF18C262640071312A /* Happy Birthday Dear Stranger-Info.plist */ = {isa = PBXFileReference; lastKnownFileType = text.plist.xml; path = "Happy Birthday Dear Stranger-Info.plist"; sourceTree = "<group>"; };
		DF616EE118C262640071312A /* en */ = {isa = PBXFileReference; lastKnownFileType = text.plist.strings; name = en; path = en.lproj/InfoPlist.strings; sourceTree = "<group>"; };
		DF616EE318C262640071312A /* main.m */ = {isa = PBXFileReference; lastKnownFileType = sourcecode.c.objc; path = main.m; sourceTree = "<group>"; };
		DF616EE518C262640071312A /* Happy Birthday Dear Stranger-Prefix.pch */ = {isa = PBXFileReference; lastKnownFileType = sourcecode.c.h; path = "Happy Birthday Dear Stranger-Prefix.pch"; sourceTree = "<group>"; };
		DF616EE618C262640071312A /* HBAppDelegate.h */ = {isa = PBXFileReference; lastKnownFileType = sourcecode.c.h; path = HBAppDelegate.h; sourceTree = "<group>"; };
		DF616EE718C262640071312A /* HBAppDelegate.m */ = {isa = PBXFileReference; lastKnownFileType = sourcecode.c.objc; path = HBAppDelegate.m; sourceTree = "<group>"; };
		DF616EEA18C262640071312A /* Base */ = {isa = PBXFileReference; lastKnownFileType = file.storyboard; name = Base; path = Base.lproj/Main_iPhone.storyboard; sourceTree = "<group>"; };
		DF616EED18C262640071312A /* Base */ = {isa = PBXFileReference; lastKnownFileType = file.storyboard; name = Base; path = Base.lproj/Main_iPad.storyboard; sourceTree = "<group>"; };
		DF616EEF18C262640071312A /* HBViewController.h */ = {isa = PBXFileReference; lastKnownFileType = sourcecode.c.h; path = HBViewController.h; sourceTree = "<group>"; };
		DF616EF018C262640071312A /* HBViewController.m */ = {isa = PBXFileReference; lastKnownFileType = sourcecode.c.objc; path = HBViewController.m; sourceTree = "<group>"; };
		DF616EF218C262640071312A /* Images.xcassets */ = {isa = PBXFileReference; lastKnownFileType = folder.assetcatalog; path = Images.xcassets; sourceTree = "<group>"; };
		DF616EF818C262640071312A /* Happy Birthday Dear StrangerTests.xctest */ = {isa = PBXFileReference; explicitFileType = wrapper.cfbundle; includeInIndex = 0; path = "Happy Birthday Dear StrangerTests.xctest"; sourceTree = BUILT_PRODUCTS_DIR; };
		DF616EF918C262640071312A /* XCTest.framework */ = {isa = PBXFileReference; lastKnownFileType = wrapper.framework; name = XCTest.framework; path = Library/Frameworks/XCTest.framework; sourceTree = DEVELOPER_DIR; };
		DF616F0118C262640071312A /* Happy Birthday Dear StrangerTests-Info.plist */ = {isa = PBXFileReference; lastKnownFileType = text.plist.xml; path = "Happy Birthday Dear StrangerTests-Info.plist"; sourceTree = "<group>"; };
		DF616F0318C262640071312A /* en */ = {isa = PBXFileReference; lastKnownFileType = text.plist.strings; name = en; path = en.lproj/InfoPlist.strings; sourceTree = "<group>"; };
		DF616F0518C262640071312A /* Happy_Birthday_Dear_StrangerTests.m */ = {isa = PBXFileReference; lastKnownFileType = sourcecode.c.objc; path = Happy_Birthday_Dear_StrangerTests.m; sourceTree = "<group>"; };
/* End PBXFileReference section */

/* Begin PBXFrameworksBuildPhase section */
		DF616ED118C262640071312A /* Frameworks */ = {
			isa = PBXFrameworksBuildPhase;
			buildActionMask = 2147483647;
			files = (
				DF616EDA18C262640071312A /* CoreGraphics.framework in Frameworks */,
				DF616EDC18C262640071312A /* UIKit.framework in Frameworks */,
				DF616ED818C262640071312A /* Foundation.framework in Frameworks */,
			);
			runOnlyForDeploymentPostprocessing = 0;
		};
		DF616EF518C262640071312A /* Frameworks */ = {
			isa = PBXFrameworksBuildPhase;
			buildActionMask = 2147483647;
			files = (
				DF616EFA18C262640071312A /* XCTest.framework in Frameworks */,
				DF616EFC18C262640071312A /* UIKit.framework in Frameworks */,
				DF616EFB18C262640071312A /* Foundation.framework in Frameworks */,
			);
			runOnlyForDeploymentPostprocessing = 0;
		};
/* End PBXFrameworksBuildPhase section */

/* Begin PBXGroup section */
		DF616ECB18C262640071312A = {
			isa = PBXGroup;
			children = (
				DF616EDD18C262640071312A /* Happy Birthday Dear Stranger */,
				DF616EFF18C262640071312A /* Happy Birthday Dear StrangerTests */,
				DF616ED618C262640071312A /* Frameworks */,
				DF616ED518C262640071312A /* Products */,
			);
			sourceTree = "<group>";
		};
		DF616ED518C262640071312A /* Products */ = {
			isa = PBXGroup;
			children = (
				DF616ED418C262640071312A /* Happy Birthday Dear Stranger.app */,
				DF616EF818C262640071312A /* Happy Birthday Dear StrangerTests.xctest */,
			);
			name = Products;
			sourceTree = "<group>";
		};
		DF616ED618C262640071312A /* Frameworks */ = {
			isa = PBXGroup;
			children = (
				DF616ED718C262640071312A /* Foundation.framework */,
				DF616ED918C262640071312A /* CoreGraphics.framework */,
				DF616EDB18C262640071312A /* UIKit.framework */,
				DF616EF918C262640071312A /* XCTest.framework */,
			);
			name = Frameworks;
			sourceTree = "<group>";
		};
		DF616EDD18C262640071312A /* Happy Birthday Dear Stranger */ = {
			isa = PBXGroup;
			children = (
				DF616EE618C262640071312A /* HBAppDelegate.h */,
				DF616EE718C262640071312A /* HBAppDelegate.m */,
				DF616EE918C262640071312A /* Main_iPhone.storyboard */,
				DF616EEC18C262640071312A /* Main_iPad.storyboard */,
				DF616EEF18C262640071312A /* HBViewController.h */,
				DF616EF018C262640071312A /* HBViewController.m */,
				DF616EF218C262640071312A /* Images.xcassets */,
				DF616EDE18C262640071312A /* Supporting Files */,
			);
			path = "Happy Birthday Dear Stranger";
			sourceTree = "<group>";
		};
		DF616EDE18C262640071312A /* Supporting Files */ = {
			isa = PBXGroup;
			children = (
				DF616EDF18C262640071312A /* Happy Birthday Dear Stranger-Info.plist */,
				DF616EE018C262640071312A /* InfoPlist.strings */,
				DF616EE318C262640071312A /* main.m */,
				DF616EE518C262640071312A /* Happy Birthday Dear Stranger-Prefix.pch */,
			);
			name = "Supporting Files";
			sourceTree = "<group>";
		};
		DF616EFF18C262640071312A /* Happy Birthday Dear StrangerTests */ = {
			isa = PBXGroup;
			children = (
				DF616F0518C262640071312A /* Happy_Birthday_Dear_StrangerTests.m */,
				DF616F0018C262640071312A /* Supporting Files */,
			);
			path = "Happy Birthday Dear StrangerTests";
			sourceTree = "<group>";
		};
		DF616F0018C262640071312A /* Supporting Files */ = {
			isa = PBXGroup;
			children = (
				DF616F0118C262640071312A /* Happy Birthday Dear StrangerTests-Info.plist */,
				DF616F0218C262640071312A /* InfoPlist.strings */,
			);
			name = "Supporting Files";
			sourceTree = "<group>";
		};
/* End PBXGroup section */

/* Begin PBXNativeTarget section */
		DF616ED318C262640071312A /* Happy Birthday Dear Stranger */ = {
			isa = PBXNativeTarget;
			buildConfigurationList = DF616F0918C262640071312A /* Build configuration list for PBXNativeTarget "Happy Birthday Dear Stranger" */;
			buildPhases = (
				DF616ED018C262640071312A /* Sources */,
				DF616ED118C262640071312A /* Frameworks */,
				DF616ED218C262640071312A /* Resources */,
			);
			buildRules = (
			);
			dependencies = (
			);
			name = "Happy Birthday Dear Stranger";
			productName = "Happy Birthday Dear Stranger";
			productReference = DF616ED418C262640071312A /* Happy Birthday Dear Stranger.app */;
			productType = "com.apple.product-type.application";
		};
		DF616EF718C262640071312A /* Happy Birthday Dear StrangerTests */ = {
			isa = PBXNativeTarget;
			buildConfigurationList = DF616F0C18C262640071312A /* Build configuration list for PBXNativeTarget "Happy Birthday Dear StrangerTests" */;
			buildPhases = (
				DF616EF418C262640071312A /* Sources */,
				DF616EF518C262640071312A /* Frameworks */,
				DF616EF618C262640071312A /* Resources */,
			);
			buildRules = (
			);
			dependencies = (
				DF616EFE18C262640071312A /* PBXTargetDependency */,
			);
			name = "Happy Birthday Dear StrangerTests";
			productName = "Happy Birthday Dear StrangerTests";
			productReference = DF616EF818C262640071312A /* Happy Birthday Dear StrangerTests.xctest */;
			productType = "com.apple.product-type.bundle.unit-test";
		};
/* End PBXNativeTarget section */

/* Begin PBXProject section */
		DF616ECC18C262640071312A /* Project object */ = {
			isa = PBXProject;
			attributes = {
				CLASSPREFIX = HB;
				LastUpgradeCheck = 0500;
				ORGANIZATIONNAME = "Jeffrey Blagdon";
				TargetAttributes = {
					DF616EF718C262640071312A = {
						TestTargetID = DF616ED318C262640071312A;
					};
				};
			};
			buildConfigurationList = DF616ECF18C262640071312A /* Build configuration list for PBXProject "Happy Birthday Dear Stranger" */;
			compatibilityVersion = "Xcode 3.2";
			developmentRegion = English;
			hasScannedForEncodings = 0;
			knownRegions = (
				en,
				Base,
			);
			mainGroup = DF616ECB18C262640071312A;
			productRefGroup = DF616ED518C262640071312A /* Products */;
			projectDirPath = "";
			projectRoot = "";
			targets = (
				DF616ED318C262640071312A /* Happy Birthday Dear Stranger */,
				DF616EF718C262640071312A /* Happy Birthday Dear StrangerTests */,
			);
		};
/* End PBXProject section */

/* Begin PBXResourcesBuildPhase section */
		DF616ED218C262640071312A /* Resources */ = {
			isa = PBXResourcesBuildPhase;
			buildActionMask = 2147483647;
			files = (
				DF616EEE18C262640071312A /* Main_iPad.storyboard in Resources */,
				DF616EF318C262640071312A /* Images.xcassets in Resources */,
				DF616EEB18C262640071312A /* Main_iPhone.storyboard in Resources */,
				DF616EE218C262640071312A /* InfoPlist.strings in Resources */,
			);
			runOnlyForDeploymentPostprocessing = 0;
		};
		DF616EF618C262640071312A /* Resources */ = {
			isa = PBXResourcesBuildPhase;
			buildActionMask = 2147483647;
			files = (
				DF616F0418C262640071312A /* InfoPlist.strings in Resources */,
			);
			runOnlyForDeploymentPostprocessing = 0;
		};
/* End PBXResourcesBuildPhase section */

/* Begin PBXSourcesBuildPhase section */
		DF616ED018C262640071312A /* Sources */ = {
			isa = PBXSourcesBuildPhase;
			buildActionMask = 2147483647;
			files = (
				DF616EF118C262640071312A /* HBViewController.m in Sources */,
				DF616EE818C262640071312A /* HBAppDelegate.m in Sources */,
				DF616EE418C262640071312A /* main.m in Sources */,
			);
			runOnlyForDeploymentPostprocessing = 0;
		};
		DF616EF418C262640071312A /* Sources */ = {
			isa = PBXSourcesBuildPhase;
			buildActionMask = 2147483647;
			files = (
				DF616F0618C262640071312A /* Happy_Birthday_Dear_StrangerTests.m in Sources */,
			);
			runOnlyForDeploymentPostprocessing = 0;
		};
/* End PBXSourcesBuildPhase section */

/* Begin PBXTargetDependency section */
		DF616EFE18C262640071312A /* PBXTargetDependency */ = {
			isa = PBXTargetDependency;
			target = DF616ED318C262640071312A /* Happy Birthday Dear Stranger */;
			targetProxy = DF616EFD18C262640071312A /* PBXContainerItemProxy */;
		};
/* End PBXTargetDependency section */

/* Begin PBXVariantGroup section */
		DF616EE018C262640071312A /* InfoPlist.strings */ = {
			isa = PBXVariantGroup;
			children = (
				DF616EE118C262640071312A /* en */,
			);
			name = InfoPlist.strings;
			sourceTree = "<group>";
		};
		DF616EE918C262640071312A /* Main_iPhone.storyboard */ = {
			isa = PBXVariantGroup;
			children = (
				DF616EEA18C262640071312A /* Base */,
			);
			name = Main_iPhone.storyboard;
			sourceTree = "<group>";
		};
		DF616EEC18C262640071312A /* Main_iPad.storyboard */ = {
			isa = PBXVariantGroup;
			children = (
				DF616EED18C262640071312A /* Base */,
			);
			name = Main_iPad.storyboard;
			sourceTree = "<group>";
		};
		DF616F0218C262640071312A /* InfoPlist.strings */ = {
			isa = PBXVariantGroup;
			children = (
				DF616F0318C262640071312A /* en */,
			);
			name = InfoPlist.strings;
			sourceTree = "<group>";
		};
/* End PBXVariantGroup section */

/* Begin XCBuildConfiguration section */
		DF616F0718C262640071312A /* Debug */ = {
			isa = XCBuildConfiguration;
			buildSettings = {
				ALWAYS_SEARCH_USER_PATHS = NO;
				ARCHS = "$(ARCHS_STANDARD_INCLUDING_64_BIT)";
				CLANG_CXX_LANGUAGE_STANDARD = "gnu++0x";
				CLANG_CXX_LIBRARY = "libc++";
				CLANG_ENABLE_MODULES = YES;
				CLANG_ENABLE_OBJC_ARC = YES;
				CLANG_WARN_BOOL_CONVERSION = YES;
				CLANG_WARN_CONSTANT_CONVERSION = YES;
				CLANG_WARN_DIRECT_OBJC_ISA_USAGE = YES_ERROR;
				CLANG_WARN_EMPTY_BODY = YES;
				CLANG_WARN_ENUM_CONVERSION = YES;
				CLANG_WARN_INT_CONVERSION = YES;
				CLANG_WARN_OBJC_ROOT_CLASS = YES_ERROR;
				CLANG_WARN__DUPLICATE_METHOD_MATCH = YES;
				"CODE_SIGN_IDENTITY[sdk=iphoneos*]" = "iPhone Developer";
				COPY_PHASE_STRIP = NO;
				GCC_C_LANGUAGE_STANDARD = gnu99;
				GCC_DYNAMIC_NO_PIC = NO;
				GCC_OPTIMIZATION_LEVEL = 0;
				GCC_PREPROCESSOR_DEFINITIONS = (
					"DEBUG=1",
					"$(inherited)",
				);
				GCC_SYMBOLS_PRIVATE_EXTERN = NO;
				GCC_WARN_64_TO_32_BIT_CONVERSION = YES;
				GCC_WARN_ABOUT_RETURN_TYPE = YES_ERROR;
				GCC_WARN_UNDECLARED_SELECTOR = YES;
				GCC_WARN_UNINITIALIZED_AUTOS = YES;
				GCC_WARN_UNUSED_FUNCTION = YES;
				GCC_WARN_UNUSED_VARIABLE = YES;
				IPHONEOS_DEPLOYMENT_TARGET = 7.0;
				ONLY_ACTIVE_ARCH = YES;
				SDKROOT = iphoneos;
				TARGETED_DEVICE_FAMILY = "1,2";
			};
			name = Debug;
		};
		DF616F0818C262640071312A /* Release */ = {
			isa = XCBuildConfiguration;
			buildSettings = {
				ALWAYS_SEARCH_USER_PATHS = NO;
				ARCHS = "$(ARCHS_STANDARD_INCLUDING_64_BIT)";
				CLANG_CXX_LANGUAGE_STANDARD = "gnu++0x";
				CLANG_CXX_LIBRARY = "libc++";
				CLANG_ENABLE_MODULES = YES;
				CLANG_ENABLE_OBJC_ARC = YES;
				CLANG_WARN_BOOL_CONVERSION = YES;
				CLANG_WARN_CONSTANT_CONVERSION = YES;
				CLANG_WARN_DIRECT_OBJC_ISA_USAGE = YES_ERROR;
				CLANG_WARN_EMPTY_BODY = YES;
				CLANG_WARN_ENUM_CONVERSION = YES;
				CLANG_WARN_INT_CONVERSION = YES;
				CLANG_WARN_OBJC_ROOT_CLASS = YES_ERROR;
				CLANG_WARN__DUPLICATE_METHOD_MATCH = YES;
				"CODE_SIGN_IDENTITY[sdk=iphoneos*]" = "iPhone Developer";
				COPY_PHASE_STRIP = YES;
				ENABLE_NS_ASSERTIONS = NO;
				GCC_C_LANGUAGE_STANDARD = gnu99;
				GCC_WARN_64_TO_32_BIT_CONVERSION = YES;
				GCC_WARN_ABOUT_RETURN_TYPE = YES_ERROR;
				GCC_WARN_UNDECLARED_SELECTOR = YES;
				GCC_WARN_UNINITIALIZED_AUTOS = YES;
				GCC_WARN_UNUSED_FUNCTION = YES;
				GCC_WARN_UNUSED_VARIABLE = YES;
				IPHONEOS_DEPLOYMENT_TARGET = 7.0;
				SDKROOT = iphoneos;
				TARGETED_DEVICE_FAMILY = "1,2";
				VALIDATE_PRODUCT = YES;
			};
			name = Release;
		};
		DF616F0A18C262640071312A /* Debug */ = {
			isa = XCBuildConfiguration;
			buildSettings = {
				ASSETCATALOG_COMPILER_APPICON_NAME = AppIcon;
				ASSETCATALOG_COMPILER_LAUNCHIMAGE_NAME = LaunchImage;
				GCC_PRECOMPILE_PREFIX_HEADER = YES;
				GCC_PREFIX_HEADER = "Happy Birthday Dear Stranger/Happy Birthday Dear Stranger-Prefix.pch";
				INFOPLIST_FILE = "Happy Birthday Dear Stranger/Happy Birthday Dear Stranger-Info.plist";
				PRODUCT_NAME = "$(TARGET_NAME)";
				WRAPPER_EXTENSION = app;
			};
			name = Debug;
		};
		DF616F0B18C262640071312A /* Release */ = {
			isa = XCBuildConfiguration;
			buildSettings = {
				ASSETCATALOG_COMPILER_APPICON_NAME = AppIcon;
				ASSETCATALOG_COMPILER_LAUNCHIMAGE_NAME = LaunchImage;
				GCC_PRECOMPILE_PREFIX_HEADER = YES;
				GCC_PREFIX_HEADER = "Happy Birthday Dear Stranger/Happy Birthday Dear Stranger-Prefix.pch";
				INFOPLIST_FILE = "Happy Birthday Dear Stranger/Happy Birthday Dear Stranger-Info.plist";
				PRODUCT_NAME = "$(TARGET_NAME)";
				WRAPPER_EXTENSION = app;
			};
			name = Release;
		};
		DF616F0D18C262640071312A /* Debug */ = {
			isa = XCBuildConfiguration;
			buildSettings = {
				ARCHS = "$(ARCHS_STANDARD_INCLUDING_64_BIT)";
				BUNDLE_LOADER = "$(BUILT_PRODUCTS_DIR)/Happy Birthday Dear Stranger.app/Happy Birthday Dear Stranger";
				FRAMEWORK_SEARCH_PATHS = (
					"$(SDKROOT)/Developer/Library/Frameworks",
					"$(inherited)",
					"$(DEVELOPER_FRAMEWORKS_DIR)",
				);
				GCC_PRECOMPILE_PREFIX_HEADER = YES;
				GCC_PREFIX_HEADER = "Happy Birthday Dear Stranger/Happy Birthday Dear Stranger-Prefix.pch";
				GCC_PREPROCESSOR_DEFINITIONS = (
					"DEBUG=1",
					"$(inherited)",
				);
				INFOPLIST_FILE = "Happy Birthday Dear StrangerTests/Happy Birthday Dear StrangerTests-Info.plist";
				PRODUCT_NAME = "$(TARGET_NAME)";
				TEST_HOST = "$(BUNDLE_LOADER)";
				WRAPPER_EXTENSION = xctest;
			};
			name = Debug;
		};
		DF616F0E18C262640071312A /* Release */ = {
			isa = XCBuildConfiguration;
			buildSettings = {
				ARCHS = "$(ARCHS_STANDARD_INCLUDING_64_BIT)";
				BUNDLE_LOADER = "$(BUILT_PRODUCTS_DIR)/Happy Birthday Dear Stranger.app/Happy Birthday Dear Stranger";
				FRAMEWORK_SEARCH_PATHS = (
					"$(SDKROOT)/Developer/Library/Frameworks",
					"$(inherited)",
					"$(DEVELOPER_FRAMEWORKS_DIR)",
				);
				GCC_PRECOMPILE_PREFIX_HEADER = YES;
				GCC_PREFIX_HEADER = "Happy Birthday Dear Stranger/Happy Birthday Dear Stranger-Prefix.pch";
				INFOPLIST_FILE = "Happy Birthday Dear StrangerTests/Happy Birthday Dear StrangerTests-Info.plist";
				PRODUCT_NAME = "$(TARGET_NAME)";
				TEST_HOST = "$(BUNDLE_LOADER)";
				WRAPPER_EXTENSION = xctest;
			};
			name = Release;
		};
/* End XCBuildConfiguration section */

/* Begin XCConfigurationList section */
		DF616ECF18C262640071312A /* Build configuration list for PBXProject "Happy Birthday Dear Stranger" */ = {
			isa = XCConfigurationList;
			buildConfigurations = (
				DF616F0718C262640071312A /* Debug */,
				DF616F0818C262640071312A /* Release */,
			);
			defaultConfigurationIsVisible = 0;
			defaultConfigurationName = Release;
		};
		DF616F0918C262640071312A /* Build configuration list for PBXNativeTarget "Happy Birthday Dear Stranger" */ = {
			isa = XCConfigurationList;
			buildConfigurations = (
				DF616F0A18C262640071312A /* Debug */,
				DF616F0B18C262640071312A /* Release */,
			);
			defaultConfigurationIsVisible = 0;
		};
		DF616F0C18C262640071312A /* Build configuration list for PBXNativeTarget "Happy Birthday Dear StrangerTests" */ = {
			isa = XCConfigurationList;
			buildConfigurations = (
				DF616F0D18C262640071312A /* Debug */,
				DF616F0E18C262640071312A /* Release */,
			);
			defaultConfigurationIsVisible = 0;
		};
/* End XCConfigurationList section */
	};
	rootObject = DF616ECC18C262640071312A /* Project object */;
}
